
Microsoft Visual Studio Solution File, Format Version 12.00
# Visual Studio Version 17
VisualStudioVersion = 17.6.33815.320
MinimumVisualStudioVersion = 10.0.40219.1
Project("{FAE04EC0-301F-11D3-BF4B-00C04F79EFBC}") = "PROGRAMA-MEDIA-ALUNO-SENAC", "PROGRAMA-MEDIA-ALUNO-SENAC\PROGRAMA-MEDIA-ALUNO-SENAC.csproj", "{F87B3A6F-9049-4BBF-A63C-261DD0A79023}"
EndProject
Global
	GlobalSection(SolutionConfigurationPlatforms) = preSolution
		Debug|Any CPU = Debug|Any CPU
		Release|Any CPU = Release|Any CPU
	EndGlobalSection
	GlobalSection(ProjectConfigurationPlatforms) = postSolution
		{F87B3A6F-9049-4BBF-A63C-261DD0A79023}.Debug|Any CPU.ActiveCfg = Debug|Any CPU
		{F87B3A6F-9049-4BBF-A63C-261DD0A79023}.Debug|Any CPU.Build.0 = Debug|Any CPU
		{F87B3A6F-9049-4BBF-A63C-261DD0A79023}.Release|Any CPU.ActiveCfg = Release|Any CPU
		{F87B3A6F-9049-4BBF-A63C-261DD0A79023}.Release|Any CPU.Build.0 = Release|Any CPU
	EndGlobalSection
	GlobalSection(SolutionProperties) = preSolution
		HideSolutionNode = FALSE
	EndGlobalSection
	GlobalSection(ExtensibilityGlobals) = postSolution
		SolutionGuid = {A5BB28D5-45C2-4342-AEE3-E142FC9534BB}
	EndGlobalSection
EndGlobal
